# THIS IS AN AUTOGENERATED FILE. DO NOT EDIT THIS FILE DIRECTLY.
# yarn lockfile v1


latex-parser@^0.6.2:
  version "0.6.2"
  resolved "https://registry.yarnpkg.com/latex-parser/-/latex-parser-0.6.2.tgz#98546617a0985fbfe74f176b5485a6f1088ecf8e"
  dependencies:
    parsimmon "^1.6.2"

parsimmon@^1.6.2:
  version "1.6.2"
  resolved "https://registry.yarnpkg.com/parsimmon/-/parsimmon-1.6.2.tgz#28fbe6b8caa38ab89f52b77f8c7743563c7d9aff"
